// !$*UTF8*$!
{
	archiveVersion = 1;
	classes = {
	};
	objectVersion = 56;
	objects = {

/* Begin PBXBuildFile section */
		CC72B2682CD250CA00492AC9 /* HomeViewController.swift in Sources */ = {isa = PBXBuildFile; fileRef = CC72B2672CD250CA00492AC9 /* HomeViewController.swift */; };
		CC72B26A2CD250D800492AC9 /* HomeAssembly.swift in Sources */ = {isa = PBXBuildFile; fileRef = CC72B2692CD250D800492AC9 /* HomeAssembly.swift */; };
		CC72B26C2CD250DF00492AC9 /* HomeRouter.swift in Sources */ = {isa = PBXBuildFile; fileRef = CC72B26B2CD250DF00492AC9 /* HomeRouter.swift */; };
		CC72B26E2CD250E500492AC9 /* HomeCell.swift in Sources */ = {isa = PBXBuildFile; fileRef = CC72B26D2CD250E500492AC9 /* HomeCell.swift */; };
		CC72B2702CD255B700492AC9 /* StatusViewController.swift in Sources */ = {isa = PBXBuildFile; fileRef = CC72B26F2CD255B700492AC9 /* StatusViewController.swift */; };
		CC72B2722CD255C800492AC9 /* StatusAssembly.swift in Sources */ = {isa = PBXBuildFile; fileRef = CC72B2712CD255C800492AC9 /* StatusAssembly.swift */; };
		CC72B2742CD255D600492AC9 /* StatusRouter.swift in Sources */ = {isa = PBXBuildFile; fileRef = CC72B2732CD255D600492AC9 /* StatusRouter.swift */; };
		CC72B2762CD2592400492AC9 /* ProfileViewController.swift in Sources */ = {isa = PBXBuildFile; fileRef = CC72B2752CD2592400492AC9 /* ProfileViewController.swift */; };
		CC72B2782CD2592B00492AC9 /* ProfileAssembly.swift in Sources */ = {isa = PBXBuildFile; fileRef = CC72B2772CD2592B00492AC9 /* ProfileAssembly.swift */; };
		CCC114102CC6679A0099D384 /* AppDelegate.swift in Sources */ = {isa = PBXBuildFile; fileRef = CCC1140F2CC6679A0099D384 /* AppDelegate.swift */; };
		CCC114122CC6679A0099D384 /* SceneDelegate.swift in Sources */ = {isa = PBXBuildFile; fileRef = CCC114112CC6679A0099D384 /* SceneDelegate.swift */; };
		CCC114192CC6679B0099D384 /* Assets.xcassets in Resources */ = {isa = PBXBuildFile; fileRef = CCC114182CC6679B0099D384 /* Assets.xcassets */; };
		CCC1141C2CC6679B0099D384 /* Base in Resources */ = {isa = PBXBuildFile; fileRef = CCC1141B2CC6679B0099D384 /* Base */; };
		CCC114272CC668CB0099D384 /* SnapKit in Frameworks */ = {isa = PBXBuildFile; productRef = CCC114262CC668CB0099D384 /* SnapKit */; };
		CCC1142C2CC668E10099D384 /* SQLite in Frameworks */ = {isa = PBXBuildFile; productRef = CCC1142B2CC668E10099D384 /* SQLite */; };
		CCC1142F2CC668ED0099D384 /* Swinject in Frameworks */ = {isa = PBXBuildFile; productRef = CCC1142E2CC668ED0099D384 /* Swinject */; };
		CCC114342CC668FA0099D384 /* SwinjectAutoregistration in Frameworks */ = {isa = PBXBuildFile; productRef = CCC114332CC668FA0099D384 /* SwinjectAutoregistration */; };
		CCC114392CC669740099D384 /* DunkDiveModel in Frameworks */ = {isa = PBXBuildFile; productRef = CCC114382CC669740099D384 /* DunkDiveModel */; };
		CCC1143B2CC669740099D384 /* DunkDiveViewModel in Frameworks */ = {isa = PBXBuildFile; productRef = CCC1143A2CC669740099D384 /* DunkDiveViewModel */; };
		CCC114432CC669DD0099D384 /* BaseRouter.swift in Sources */ = {isa = PBXBuildFile; fileRef = CCC114422CC669DD0099D384 /* BaseRouter.swift */; };
		CCC114452CC669E30099D384 /* ReusableView.swift in Sources */ = {isa = PBXBuildFile; fileRef = CCC114442CC669E30099D384 /* ReusableView.swift */; };
		CCC114472CC669E90099D384 /* BaseViewController.swift in Sources */ = {isa = PBXBuildFile; fileRef = CCC114462CC669E90099D384 /* BaseViewController.swift */; };
		CCC114492CC669F00099D384 /* Setupable.swift in Sources */ = {isa = PBXBuildFile; fileRef = CCC114482CC669F00099D384 /* Setupable.swift */; };
		CCC1144C2CC66A080099D384 /* ServiceAssembly.swift in Sources */ = {isa = PBXBuildFile; fileRef = CCC1144B2CC66A080099D384 /* ServiceAssembly.swift */; };
		CCC1144E2CC66A110099D384 /* ViewControllerFactory.swift in Sources */ = {isa = PBXBuildFile; fileRef = CCC1144D2CC66A110099D384 /* ViewControllerFactory.swift */; };
		CCC114512CC66A250099D384 /* UntilOnboardingViewController.swift in Sources */ = {isa = PBXBuildFile; fileRef = CCC114502CC66A240099D384 /* UntilOnboardingViewController.swift */; };
		CCC114532CC66A2D0099D384 /* UntilOnboardingRouter.swift in Sources */ = {isa = PBXBuildFile; fileRef = CCC114522CC66A2D0099D384 /* UntilOnboardingRouter.swift */; };
		CCC114552CC66A350099D384 /* UntilOnboardingAssembly.swift in Sources */ = {isa = PBXBuildFile; fileRef = CCC114542CC66A350099D384 /* UntilOnboardingAssembly.swift */; };
		CCC114582CC66A4A0099D384 /* TableView.swift in Sources */ = {isa = PBXBuildFile; fileRef = CCC114572CC66A4A0099D384 /* TableView.swift */; };
		CCC1145A2CC66B260099D384 /* CollectionView.swift in Sources */ = {isa = PBXBuildFile; fileRef = CCC114592CC66B260099D384 /* CollectionView.swift */; };
		CCC1145C2CC66B2D0099D384 /* UIColor.swift in Sources */ = {isa = PBXBuildFile; fileRef = CCC1145B2CC66B2D0099D384 /* UIColor.swift */; };
		CCC1145E2CC66B330099D384 /* UIDevice.swift in Sources */ = {isa = PBXBuildFile; fileRef = CCC1145D2CC66B330099D384 /* UIDevice.swift */; };
		CCC114602CC66B3C0099D384 /* UILabel.swift in Sources */ = {isa = PBXBuildFile; fileRef = CCC1145F2CC66B3C0099D384 /* UILabel.swift */; };
		CCC114622CC66B430099D384 /* StackView.swift in Sources */ = {isa = PBXBuildFile; fileRef = CCC114612CC66B430099D384 /* StackView.swift */; };
		CCC114642CC66B490099D384 /* String.swift in Sources */ = {isa = PBXBuildFile; fileRef = CCC114632CC66B490099D384 /* String.swift */; };
		CCC1146A2CC66C980099D384 /* SF-Pro-Text-Bold.otf in Resources */ = {isa = PBXBuildFile; fileRef = CCC114652CC66C980099D384 /* SF-Pro-Text-Bold.otf */; };
		CCC1146B2CC66C980099D384 /* SF-Pro-Text-Semibold.otf in Resources */ = {isa = PBXBuildFile; fileRef = CCC114662CC66C980099D384 /* SF-Pro-Text-Semibold.otf */; };
		CCC1146C2CC66C980099D384 /* SF-Pro-Text-Regular.otf in Resources */ = {isa = PBXBuildFile; fileRef = CCC114672CC66C980099D384 /* SF-Pro-Text-Regular.otf */; };
		CCC1146D2CC66C980099D384 /* SF-Pro-Text-Black.otf in Resources */ = {isa = PBXBuildFile; fileRef = CCC114682CC66C980099D384 /* SF-Pro-Text-Black.otf */; };
		CCC1146E2CC66C980099D384 /* SF-Pro-Text-Medium.otf in Resources */ = {isa = PBXBuildFile; fileRef = CCC114692CC66C980099D384 /* SF-Pro-Text-Medium.otf */; };
		CCC114712CC675FD0099D384 /* OnboardingViewController.swift in Sources */ = {isa = PBXBuildFile; fileRef = CCC114702CC675FD0099D384 /* OnboardingViewController.swift */; };
		CCC114732CC676040099D384 /* OnboardingRouter.swift in Sources */ = {isa = PBXBuildFile; fileRef = CCC114722CC676040099D384 /* OnboardingRouter.swift */; };
		CCC114752CC6760B0099D384 /* OnboardingAssembly.swift in Sources */ = {isa = PBXBuildFile; fileRef = CCC114742CC6760B0099D384 /* OnboardingAssembly.swift */; };
		CCC114782CC676170099D384 /* OnboardingCell.swift in Sources */ = {isa = PBXBuildFile; fileRef = CCC114772CC676170099D384 /* OnboardingCell.swift */; };
		CCC1147B2CC676790099D384 /* AdvancedPageControl.swift in Sources */ = {isa = PBXBuildFile; fileRef = CCC1147A2CC676790099D384 /* AdvancedPageControl.swift */; };
		CCC1147D2CC676800099D384 /* ColorUtils.swift in Sources */ = {isa = PBXBuildFile; fileRef = CCC1147C2CC676800099D384 /* ColorUtils.swift */; };
		CCC1147F2CC676850099D384 /* Drawer.swift in Sources */ = {isa = PBXBuildFile; fileRef = CCC1147E2CC676850099D384 /* Drawer.swift */; };
		CCC114822CC678F00099D384 /* TabBarViewController.swift in Sources */ = {isa = PBXBuildFile; fileRef = CCC114812CC678F00099D384 /* TabBarViewController.swift */; };
		CCC114882CC679270099D384 /* TeamViewController.swift in Sources */ = {isa = PBXBuildFile; fileRef = CCC114872CC679270099D384 /* TeamViewController.swift */; };
		CCC1148A2CC6792D0099D384 /* TeamRouter.swift in Sources */ = {isa = PBXBuildFile; fileRef = CCC114892CC6792D0099D384 /* TeamRouter.swift */; };
		CCC1148C2CC679340099D384 /* TeamAssembly.swift in Sources */ = {isa = PBXBuildFile; fileRef = CCC1148B2CC679340099D384 /* TeamAssembly.swift */; };
		CCC1148E2CC6793B0099D384 /* BetViewController.swift in Sources */ = {isa = PBXBuildFile; fileRef = CCC1148D2CC6793B0099D384 /* BetViewController.swift */; };
		CCC114902CC679410099D384 /* BetRouter.swift in Sources */ = {isa = PBXBuildFile; fileRef = CCC1148F2CC679410099D384 /* BetRouter.swift */; };
		CCC114922CC679460099D384 /* BetAssembly.swift in Sources */ = {isa = PBXBuildFile; fileRef = CCC114912CC679460099D384 /* BetAssembly.swift */; };
		CCC114942CC679510099D384 /* StrategyViewController.swift in Sources */ = {isa = PBXBuildFile; fileRef = CCC114932CC679510099D384 /* StrategyViewController.swift */; };
		CCC114962CC6795B0099D384 /* StrategyRouter.swift in Sources */ = {isa = PBXBuildFile; fileRef = CCC114952CC6795B0099D384 /* StrategyRouter.swift */; };
		CCC114982CC679620099D384 /* StrategyAssembly.swift in Sources */ = {isa = PBXBuildFile; fileRef = CCC114972CC679620099D384 /* StrategyAssembly.swift */; };
		CCC1149A2CC6796B0099D384 /* SettingsViewController.swift in Sources */ = {isa = PBXBuildFile; fileRef = CCC114992CC6796B0099D384 /* SettingsViewController.swift */; };
		CCC1149C2CC679720099D384 /* SettingsRouter.swift in Sources */ = {isa = PBXBuildFile; fileRef = CCC1149B2CC679720099D384 /* SettingsRouter.swift */; };
		CCC1149E2CC6797B0099D384 /* SettingsAssembly.swift in Sources */ = {isa = PBXBuildFile; fileRef = CCC1149D2CC6797B0099D384 /* SettingsAssembly.swift */; };
		CCC114A12CC8C2A70099D384 /* TeamEmptyTableViewCell.swift in Sources */ = {isa = PBXBuildFile; fileRef = CCC114A02CC8C2A70099D384 /* TeamEmptyTableViewCell.swift */; };
		CCC114A32CC8C3A90099D384 /* TeamTableViewCell.swift in Sources */ = {isa = PBXBuildFile; fileRef = CCC114A22CC8C3A90099D384 /* TeamTableViewCell.swift */; };
		CCC114A52CC8CAE10099D384 /* TabBarRouter.swift in Sources */ = {isa = PBXBuildFile; fileRef = CCC114A42CC8CAE10099D384 /* TabBarRouter.swift */; };
		CCC114A82CC8CB550099D384 /* AddTeamViewController.swift in Sources */ = {isa = PBXBuildFile; fileRef = CCC114A72CC8CB550099D384 /* AddTeamViewController.swift */; };
		CCC114AA2CC8CB610099D384 /* AddTeamAssembly.swift in Sources */ = {isa = PBXBuildFile; fileRef = CCC114A92CC8CB610099D384 /* AddTeamAssembly.swift */; };
		CCC114AD2CC8CEAD0099D384 /* CustomTextField.swift in Sources */ = {isa = PBXBuildFile; fileRef = CCC114AC2CC8CEAD0099D384 /* CustomTextField.swift */; };
		CCC114B02CC8D0370099D384 /* AddTeamPhoto.swift in Sources */ = {isa = PBXBuildFile; fileRef = CCC114AF2CC8D0370099D384 /* AddTeamPhoto.swift */; };
		CCC114B32CC8D2D60099D384 /* EmptyCollectionViewCell.swift in Sources */ = {isa = PBXBuildFile; fileRef = CCC114B22CC8D2D60099D384 /* EmptyCollectionViewCell.swift */; };
		CCC114B52CC8D36D0099D384 /* PlayerCollectionViewCell.swift in Sources */ = {isa = PBXBuildFile; fileRef = CCC114B42CC8D36D0099D384 /* PlayerCollectionViewCell.swift */; };
		CCC114B72CC8D54B0099D384 /* CollectionViewHeader.swift in Sources */ = {isa = PBXBuildFile; fileRef = CCC114B62CC8D54B0099D384 /* CollectionViewHeader.swift */; };
		CCC114BA2CC90E890099D384 /* BetTableViewCell.swift in Sources */ = {isa = PBXBuildFile; fileRef = CCC114B92CC90E890099D384 /* BetTableViewCell.swift */; };
		CCC114BD2CC91D780099D384 /* AddBetViewController.swift in Sources */ = {isa = PBXBuildFile; fileRef = CCC114BC2CC91D780099D384 /* AddBetViewController.swift */; };
		CCC114BF2CC91D820099D384 /* AddBetAssembly.swift in Sources */ = {isa = PBXBuildFile; fileRef = CCC114BE2CC91D820099D384 /* AddBetAssembly.swift */; };
		CCC114C12CC9245B0099D384 /* TeamCollectionViewCell.swift in Sources */ = {isa = PBXBuildFile; fileRef = CCC114C02CC9245B0099D384 /* TeamCollectionViewCell.swift */; };
		CCC114C52CC936E50099D384 /* EditTeamViewController.swift in Sources */ = {isa = PBXBuildFile; fileRef = CCC114C42CC936E50099D384 /* EditTeamViewController.swift */; };
		CCC114C72CC936EC0099D384 /* EditTeamAssembly.swift in Sources */ = {isa = PBXBuildFile; fileRef = CCC114C62CC936EC0099D384 /* EditTeamAssembly.swift */; };
		CCC114CA2CC93D9D0099D384 /* EditBetViewController.swift in Sources */ = {isa = PBXBuildFile; fileRef = CCC114C92CC93D9D0099D384 /* EditBetViewController.swift */; };
		CCC114CC2CC93DA30099D384 /* EditBetAssembly.swift in Sources */ = {isa = PBXBuildFile; fileRef = CCC114CB2CC93DA30099D384 /* EditBetAssembly.swift */; };
		CCC114CF2CC946A60099D384 /* EmptyStrategyCollectionViewCell.swift in Sources */ = {isa = PBXBuildFile; fileRef = CCC114CE2CC946A60099D384 /* EmptyStrategyCollectionViewCell.swift */; };
		CCC114D12CC947140099D384 /* StrategyCollectionViewCell.swift in Sources */ = {isa = PBXBuildFile; fileRef = CCC114D02CC947140099D384 /* StrategyCollectionViewCell.swift */; };
		CCC114D42CC94A3B0099D384 /* AddStrategyViewController.swift in Sources */ = {isa = PBXBuildFile; fileRef = CCC114D32CC94A3B0099D384 /* AddStrategyViewController.swift */; };
		CCC114D62CC94A430099D384 /* AddStrategyAssembly.swift in Sources */ = {isa = PBXBuildFile; fileRef = CCC114D52CC94A420099D384 /* AddStrategyAssembly.swift */; };
		CCC114D82CC94C5D0099D384 /* AddStrategyPhoto.swift in Sources */ = {isa = PBXBuildFile; fileRef = CCC114D72CC94C5D0099D384 /* AddStrategyPhoto.swift */; };
		CCC114DB2CC94E770099D384 /* EditStrategyViewController.swift in Sources */ = {isa = PBXBuildFile; fileRef = CCC114DA2CC94E770099D384 /* EditStrategyViewController.swift */; };
		CCC114DF2CC94EA60099D384 /* EditStrategyAssembly.swift in Sources */ = {isa = PBXBuildFile; fileRef = CCC114DE2CC94EA60099D384 /* EditStrategyAssembly.swift */; };
		CCC114E12CC952B60099D384 /* EmptyBetCollectionViewCell.swift in Sources */ = {isa = PBXBuildFile; fileRef = CCC114E02CC952B60099D384 /* EmptyBetCollectionViewCell.swift */; };
		CCC114E42CC95AF30099D384 /* UsageViewController.swift in Sources */ = {isa = PBXBuildFile; fileRef = CCC114E32CC95AF30099D384 /* UsageViewController.swift */; };
/* End PBXBuildFile section */

/* Begin PBXFileReference section */
		CC72B2672CD250CA00492AC9 /* HomeViewController.swift */ = {isa = PBXFileReference; lastKnownFileType = sourcecode.swift; path = HomeViewController.swift; sourceTree = "<group>"; };
		CC72B2692CD250D800492AC9 /* HomeAssembly.swift */ = {isa = PBXFileReference; lastKnownFileType = sourcecode.swift; path = HomeAssembly.swift; sourceTree = "<group>"; };
		CC72B26B2CD250DF00492AC9 /* HomeRouter.swift */ = {isa = PBXFileReference; lastKnownFileType = sourcecode.swift; path = HomeRouter.swift; sourceTree = "<group>"; };
		CC72B26D2CD250E500492AC9 /* HomeCell.swift */ = {isa = PBXFileReference; lastKnownFileType = sourcecode.swift; path = HomeCell.swift; sourceTree = "<group>"; };
		CC72B26F2CD255B700492AC9 /* StatusViewController.swift */ = {isa = PBXFileReference; lastKnownFileType = sourcecode.swift; path = StatusViewController.swift; sourceTree = "<group>"; };
		CC72B2712CD255C800492AC9 /* StatusAssembly.swift */ = {isa = PBXFileReference; lastKnownFileType = sourcecode.swift; path = StatusAssembly.swift; sourceTree = "<group>"; };
		CC72B2732CD255D600492AC9 /* StatusRouter.swift */ = {isa = PBXFileReference; lastKnownFileType = sourcecode.swift; path = StatusRouter.swift; sourceTree = "<group>"; };
		CC72B2752CD2592400492AC9 /* ProfileViewController.swift */ = {isa = PBXFileReference; lastKnownFileType = sourcecode.swift; path = ProfileViewController.swift; sourceTree = "<group>"; };
		CC72B2772CD2592B00492AC9 /* ProfileAssembly.swift */ = {isa = PBXFileReference; lastKnownFileType = sourcecode.swift; path = ProfileAssembly.swift; sourceTree = "<group>"; };
		CCC1140C2CC6679A0099D384 /* DunkDive.app */ = {isa = PBXFileReference; explicitFileType = wrapper.application; includeInIndex = 0; path = DunkDive.app; sourceTree = BUILT_PRODUCTS_DIR; };
		CCC1140F2CC6679A0099D384 /* AppDelegate.swift */ = {isa = PBXFileReference; lastKnownFileType = sourcecode.swift; path = AppDelegate.swift; sourceTree = "<group>"; };
		CCC114112CC6679A0099D384 /* SceneDelegate.swift */ = {isa = PBXFileReference; lastKnownFileType = sourcecode.swift; path = SceneDelegate.swift; sourceTree = "<group>"; };
		CCC114182CC6679B0099D384 /* Assets.xcassets */ = {isa = PBXFileReference; lastKnownFileType = folder.assetcatalog; path = Assets.xcassets; sourceTree = "<group>"; };
		CCC1141B2CC6679B0099D384 /* Base */ = {isa = PBXFileReference; lastKnownFileType = file.storyboard; name = Base; path = Base.lproj/LaunchScreen.storyboard; sourceTree = "<group>"; };
		CCC1141D2CC6679B0099D384 /* Info.plist */ = {isa = PBXFileReference; lastKnownFileType = text.plist.xml; path = Info.plist; sourceTree = "<group>"; };
		CCC114232CC668920099D384 /* DunkDiveModel */ = {isa = PBXFileReference; lastKnownFileType = wrapper; path = DunkDiveModel; sourceTree = "<group>"; };
		CCC114242CC668A80099D384 /* DunkDiveViewModel */ = {isa = PBXFileReference; lastKnownFileType = wrapper; path = DunkDiveViewModel; sourceTree = "<group>"; };
		CCC114422CC669DD0099D384 /* BaseRouter.swift */ = {isa = PBXFileReference; lastKnownFileType = sourcecode.swift; path = BaseRouter.swift; sourceTree = "<group>"; };
		CCC114442CC669E30099D384 /* ReusableView.swift */ = {isa = PBXFileReference; lastKnownFileType = sourcecode.swift; path = ReusableView.swift; sourceTree = "<group>"; };
		CCC114462CC669E90099D384 /* BaseViewController.swift */ = {isa = PBXFileReference; lastKnownFileType = sourcecode.swift; path = BaseViewController.swift; sourceTree = "<group>"; };
		CCC114482CC669F00099D384 /* Setupable.swift */ = {isa = PBXFileReference; lastKnownFileType = sourcecode.swift; path = Setupable.swift; sourceTree = "<group>"; };
		CCC1144B2CC66A080099D384 /* ServiceAssembly.swift */ = {isa = PBXFileReference; lastKnownFileType = sourcecode.swift; path = ServiceAssembly.swift; sourceTree = "<group>"; };
		CCC1144D2CC66A110099D384 /* ViewControllerFactory.swift */ = {isa = PBXFileReference; lastKnownFileType = sourcecode.swift; path = ViewControllerFactory.swift; sourceTree = "<group>"; };
		CCC114502CC66A240099D384 /* UntilOnboardingViewController.swift */ = {isa = PBXFileReference; lastKnownFileType = sourcecode.swift; path = UntilOnboardingViewController.swift; sourceTree = "<group>"; };
		CCC114522CC66A2D0099D384 /* UntilOnboardingRouter.swift */ = {isa = PBXFileReference; lastKnownFileType = sourcecode.swift; path = UntilOnboardingRouter.swift; sourceTree = "<group>"; };
		CCC114542CC66A350099D384 /* UntilOnboardingAssembly.swift */ = {isa = PBXFileReference; lastKnownFileType = sourcecode.swift; path = UntilOnboardingAssembly.swift; sourceTree = "<group>"; };
		CCC114572CC66A4A0099D384 /* TableView.swift */ = {isa = PBXFileReference; lastKnownFileType = sourcecode.swift; path = TableView.swift; sourceTree = "<group>"; };
		CCC114592CC66B260099D384 /* CollectionView.swift */ = {isa = PBXFileReference; lastKnownFileType = sourcecode.swift; path = CollectionView.swift; sourceTree = "<group>"; };
		CCC1145B2CC66B2D0099D384 /* UIColor.swift */ = {isa = PBXFileReference; lastKnownFileType = sourcecode.swift; path = UIColor.swift; sourceTree = "<group>"; };
		CCC1145D2CC66B330099D384 /* UIDevice.swift */ = {isa = PBXFileReference; lastKnownFileType = sourcecode.swift; path = UIDevice.swift; sourceTree = "<group>"; };
		CCC1145F2CC66B3C0099D384 /* UILabel.swift */ = {isa = PBXFileReference; lastKnownFileType = sourcecode.swift; path = UILabel.swift; sourceTree = "<group>"; };
		CCC114612CC66B430099D384 /* StackView.swift */ = {isa = PBXFileReference; lastKnownFileType = sourcecode.swift; path = StackView.swift; sourceTree = "<group>"; };
		CCC114632CC66B490099D384 /* String.swift */ = {isa = PBXFileReference; lastKnownFileType = sourcecode.swift; path = String.swift; sourceTree = "<group>"; };
		CCC114652CC66C980099D384 /* SF-Pro-Text-Bold.otf */ = {isa = PBXFileReference; lastKnownFileType = file; path = "SF-Pro-Text-Bold.otf"; sourceTree = "<group>"; };
		CCC114662CC66C980099D384 /* SF-Pro-Text-Semibold.otf */ = {isa = PBXFileReference; lastKnownFileType = file; path = "SF-Pro-Text-Semibold.otf"; sourceTree = "<group>"; };
		CCC114672CC66C980099D384 /* SF-Pro-Text-Regular.otf */ = {isa = PBXFileReference; lastKnownFileType = file; path = "SF-Pro-Text-Regular.otf"; sourceTree = "<group>"; };
		CCC114682CC66C980099D384 /* SF-Pro-Text-Black.otf */ = {isa = PBXFileReference; lastKnownFileType = file; path = "SF-Pro-Text-Black.otf"; sourceTree = "<group>"; };
		CCC114692CC66C980099D384 /* SF-Pro-Text-Medium.otf */ = {isa = PBXFileReference; lastKnownFileType = file; path = "SF-Pro-Text-Medium.otf"; sourceTree = "<group>"; };
		CCC114702CC675FD0099D384 /* OnboardingViewController.swift */ = {isa = PBXFileReference; lastKnownFileType = sourcecode.swift; path = OnboardingViewController.swift; sourceTree = "<group>"; };
		CCC114722CC676040099D384 /* OnboardingRouter.swift */ = {isa = PBXFileReference; lastKnownFileType = sourcecode.swift; path = OnboardingRouter.swift; sourceTree = "<group>"; };
		CCC114742CC6760B0099D384 /* OnboardingAssembly.swift */ = {isa = PBXFileReference; lastKnownFileType = sourcecode.swift; path = OnboardingAssembly.swift; sourceTree = "<group>"; };
		CCC114772CC676170099D384 /* OnboardingCell.swift */ = {isa = PBXFileReference; lastKnownFileType = sourcecode.swift; path = OnboardingCell.swift; sourceTree = "<group>"; };
		CCC1147A2CC676790099D384 /* AdvancedPageControl.swift */ = {isa = PBXFileReference; lastKnownFileType = sourcecode.swift; path = AdvancedPageControl.swift; sourceTree = "<group>"; };
		CCC1147C2CC676800099D384 /* ColorUtils.swift */ = {isa = PBXFileReference; lastKnownFileType = sourcecode.swift; path = ColorUtils.swift; sourceTree = "<group>"; };
		CCC1147E2CC676850099D384 /* Drawer.swift */ = {isa = PBXFileReference; lastKnownFileType = sourcecode.swift; path = Drawer.swift; sourceTree = "<group>"; };
		CCC114812CC678F00099D384 /* TabBarViewController.swift */ = {isa = PBXFileReference; lastKnownFileType = sourcecode.swift; path = TabBarViewController.swift; sourceTree = "<group>"; };
		CCC114872CC679270099D384 /* TeamViewController.swift */ = {isa = PBXFileReference; lastKnownFileType = sourcecode.swift; path = TeamViewController.swift; sourceTree = "<group>"; };
		CCC114892CC6792D0099D384 /* TeamRouter.swift */ = {isa = PBXFileReference; lastKnownFileType = sourcecode.swift; path = TeamRouter.swift; sourceTree = "<group>"; };
		CCC1148B2CC679340099D384 /* TeamAssembly.swift */ = {isa = PBXFileReference; lastKnownFileType = sourcecode.swift; path = TeamAssembly.swift; sourceTree = "<group>"; };
		CCC1148D2CC6793B0099D384 /* BetViewController.swift */ = {isa = PBXFileReference; lastKnownFileType = sourcecode.swift; path = BetViewController.swift; sourceTree = "<group>"; };
		CCC1148F2CC679410099D384 /* BetRouter.swift */ = {isa = PBXFileReference; lastKnownFileType = sourcecode.swift; path = BetRouter.swift; sourceTree = "<group>"; };
		CCC114912CC679460099D384 /* BetAssembly.swift */ = {isa = PBXFileReference; lastKnownFileType = sourcecode.swift; path = BetAssembly.swift; sourceTree = "<group>"; };
		CCC114932CC679510099D384 /* StrategyViewController.swift */ = {isa = PBXFileReference; lastKnownFileType = sourcecode.swift; path = StrategyViewController.swift; sourceTree = "<group>"; };
		CCC114952CC6795B0099D384 /* StrategyRouter.swift */ = {isa = PBXFileReference; lastKnownFileType = sourcecode.swift; path = StrategyRouter.swift; sourceTree = "<group>"; };
		CCC114972CC679620099D384 /* StrategyAssembly.swift */ = {isa = PBXFileReference; lastKnownFileType = sourcecode.swift; path = StrategyAssembly.swift; sourceTree = "<group>"; };
		CCC114992CC6796B0099D384 /* SettingsViewController.swift */ = {isa = PBXFileReference; lastKnownFileType = sourcecode.swift; path = SettingsViewController.swift; sourceTree = "<group>"; };
		CCC1149B2CC679720099D384 /* SettingsRouter.swift */ = {isa = PBXFileReference; lastKnownFileType = sourcecode.swift; path = SettingsRouter.swift; sourceTree = "<group>"; };
		CCC1149D2CC6797B0099D384 /* SettingsAssembly.swift */ = {isa = PBXFileReference; lastKnownFileType = sourcecode.swift; path = SettingsAssembly.swift; sourceTree = "<group>"; };
		CCC114A02CC8C2A70099D384 /* TeamEmptyTableViewCell.swift */ = {isa = PBXFileReference; lastKnownFileType = sourcecode.swift; path = TeamEmptyTableViewCell.swift; sourceTree = "<group>"; };
		CCC114A22CC8C3A90099D384 /* TeamTableViewCell.swift */ = {isa = PBXFileReference; lastKnownFileType = sourcecode.swift; path = TeamTableViewCell.swift; sourceTree = "<group>"; };
		CCC114A42CC8CAE10099D384 /* TabBarRouter.swift */ = {isa = PBXFileReference; lastKnownFileType = sourcecode.swift; path = TabBarRouter.swift; sourceTree = "<group>"; };
		CCC114A72CC8CB550099D384 /* AddTeamViewController.swift */ = {isa = PBXFileReference; lastKnownFileType = sourcecode.swift; path = AddTeamViewController.swift; sourceTree = "<group>"; };
		CCC114A92CC8CB610099D384 /* AddTeamAssembly.swift */ = {isa = PBXFileReference; lastKnownFileType = sourcecode.swift; path = AddTeamAssembly.swift; sourceTree = "<group>"; };
		CCC114AC2CC8CEAD0099D384 /* CustomTextField.swift */ = {isa = PBXFileReference; lastKnownFileType = sourcecode.swift; path = CustomTextField.swift; sourceTree = "<group>"; };
		CCC114AF2CC8D0370099D384 /* AddTeamPhoto.swift */ = {isa = PBXFileReference; lastKnownFileType = sourcecode.swift; path = AddTeamPhoto.swift; sourceTree = "<group>"; };
		CCC114B22CC8D2D60099D384 /* EmptyCollectionViewCell.swift */ = {isa = PBXFileReference; lastKnownFileType = sourcecode.swift; path = EmptyCollectionViewCell.swift; sourceTree = "<group>"; };
		CCC114B42CC8D36D0099D384 /* PlayerCollectionViewCell.swift */ = {isa = PBXFileReference; lastKnownFileType = sourcecode.swift; path = PlayerCollectionViewCell.swift; sourceTree = "<group>"; };
		CCC114B62CC8D54B0099D384 /* CollectionViewHeader.swift */ = {isa = PBXFileReference; lastKnownFileType = sourcecode.swift; path = CollectionViewHeader.swift; sourceTree = "<group>"; };
		CCC114B92CC90E890099D384 /* BetTableViewCell.swift */ = {isa = PBXFileReference; lastKnownFileType = sourcecode.swift; path = BetTableViewCell.swift; sourceTree = "<group>"; };
		CCC114BC2CC91D780099D384 /* AddBetViewController.swift */ = {isa = PBXFileReference; lastKnownFileType = sourcecode.swift; path = AddBetViewController.swift; sourceTree = "<group>"; };
		CCC114BE2CC91D820099D384 /* AddBetAssembly.swift */ = {isa = PBXFileReference; lastKnownFileType = sourcecode.swift; path = AddBetAssembly.swift; sourceTree = "<group>"; };
		CCC114C02CC9245B0099D384 /* TeamCollectionViewCell.swift */ = {isa = PBXFileReference; lastKnownFileType = sourcecode.swift; path = TeamCollectionViewCell.swift; sourceTree = "<group>"; };
		CCC114C42CC936E50099D384 /* EditTeamViewController.swift */ = {isa = PBXFileReference; lastKnownFileType = sourcecode.swift; path = EditTeamViewController.swift; sourceTree = "<group>"; };
		CCC114C62CC936EC0099D384 /* EditTeamAssembly.swift */ = {isa = PBXFileReference; lastKnownFileType = sourcecode.swift; path = EditTeamAssembly.swift; sourceTree = "<group>"; };
		CCC114C92CC93D9D0099D384 /* EditBetViewController.swift */ = {isa = PBXFileReference; lastKnownFileType = sourcecode.swift; path = EditBetViewController.swift; sourceTree = "<group>"; };
		CCC114CB2CC93DA30099D384 /* EditBetAssembly.swift */ = {isa = PBXFileReference; lastKnownFileType = sourcecode.swift; path = EditBetAssembly.swift; sourceTree = "<group>"; };
		CCC114CE2CC946A60099D384 /* EmptyStrategyCollectionViewCell.swift */ = {isa = PBXFileReference; lastKnownFileType = sourcecode.swift; path = EmptyStrategyCollectionViewCell.swift; sourceTree = "<group>"; };
		CCC114D02CC947140099D384 /* StrategyCollectionViewCell.swift */ = {isa = PBXFileReference; lastKnownFileType = sourcecode.swift; path = StrategyCollectionViewCell.swift; sourceTree = "<group>"; };
		CCC114D32CC94A3B0099D384 /* AddStrategyViewController.swift */ = {isa = PBXFileReference; lastKnownFileType = sourcecode.swift; path = AddStrategyViewController.swift; sourceTree = "<group>"; };
		CCC114D52CC94A420099D384 /* AddStrategyAssembly.swift */ = {isa = PBXFileReference; lastKnownFileType = sourcecode.swift; path = AddStrategyAssembly.swift; sourceTree = "<group>"; };
		CCC114D72CC94C5D0099D384 /* AddStrategyPhoto.swift */ = {isa = PBXFileReference; lastKnownFileType = sourcecode.swift; path = AddStrategyPhoto.swift; sourceTree = "<group>"; };
		CCC114DA2CC94E770099D384 /* EditStrategyViewController.swift */ = {isa = PBXFileReference; lastKnownFileType = sourcecode.swift; path = EditStrategyViewController.swift; sourceTree = "<group>"; };
		CCC114DE2CC94EA60099D384 /* EditStrategyAssembly.swift */ = {isa = PBXFileReference; lastKnownFileType = sourcecode.swift; path = EditStrategyAssembly.swift; sourceTree = "<group>"; };
		CCC114E02CC952B60099D384 /* EmptyBetCollectionViewCell.swift */ = {isa = PBXFileReference; lastKnownFileType = sourcecode.swift; path = EmptyBetCollectionViewCell.swift; sourceTree = "<group>"; };
		CCC114E32CC95AF30099D384 /* UsageViewController.swift */ = {isa = PBXFileReference; lastKnownFileType = sourcecode.swift; path = UsageViewController.swift; sourceTree = "<group>"; };
/* End PBXFileReference section */

/* Begin PBXFrameworksBuildPhase section */
		CCC114092CC6679A0099D384 /* Frameworks */ = {
			isa = PBXFrameworksBuildPhase;
			buildActionMask = 2147483647;
			files = (
				CCC114392CC669740099D384 /* DunkDiveModel in Frameworks */,
				CCC1143B2CC669740099D384 /* DunkDiveViewModel in Frameworks */,
				CCC1142C2CC668E10099D384 /* SQLite in Frameworks */,
				CCC114272CC668CB0099D384 /* SnapKit in Frameworks */,
				CCC1142F2CC668ED0099D384 /* Swinject in Frameworks */,
				CCC114342CC668FA0099D384 /* SwinjectAutoregistration in Frameworks */,
			);
			runOnlyForDeploymentPostprocessing = 0;
		};
/* End PBXFrameworksBuildPhase section */

/* Begin PBXGroup section */
		CC72B2612CD2509400492AC9 /* Home */ = {
			isa = PBXGroup;
			children = (
				CC72B2672CD250CA00492AC9 /* HomeViewController.swift */,
				CC72B2692CD250D800492AC9 /* HomeAssembly.swift */,
				CC72B26B2CD250DF00492AC9 /* HomeRouter.swift */,
				CC72B2662CD250C100492AC9 /* Cell */,
			);
			path = Home;
			sourceTree = "<group>";
		};
		CC72B2622CD2509900492AC9 /* Status */ = {
			isa = PBXGroup;
			children = (
				CC72B26F2CD255B700492AC9 /* StatusViewController.swift */,
				CC72B2712CD255C800492AC9 /* StatusAssembly.swift */,
				CC72B2732CD255D600492AC9 /* StatusRouter.swift */,
			);
			path = Status;
			sourceTree = "<group>";
		};
		CC72B2652CD250B400492AC9 /* Profile */ = {
			isa = PBXGroup;
			children = (
				CC72B2752CD2592400492AC9 /* ProfileViewController.swift */,
				CC72B2772CD2592B00492AC9 /* ProfileAssembly.swift */,
			);
			path = Profile;
			sourceTree = "<group>";
		};
		CC72B2662CD250C100492AC9 /* Cell */ = {
			isa = PBXGroup;
			children = (
				CC72B26D2CD250E500492AC9 /* HomeCell.swift */,
			);
			path = Cell;
			sourceTree = "<group>";
		};
		CCC114032CC6679A0099D384 = {
			isa = PBXGroup;
			children = (
				CCC114242CC668A80099D384 /* DunkDiveViewModel */,
				CCC114232CC668920099D384 /* DunkDiveModel */,
				CCC1140E2CC6679A0099D384 /* DunkDive */,
				CCC1140D2CC6679A0099D384 /* Products */,
				CCC114372CC669740099D384 /* Frameworks */,
			);
			sourceTree = "<group>";
		};
		CCC1140D2CC6679A0099D384 /* Products */ = {
			isa = PBXGroup;
			children = (
				CCC1140C2CC6679A0099D384 /* DunkDive.app */,
			);
			name = Products;
			sourceTree = "<group>";
		};
		CCC1140E2CC6679A0099D384 /* DunkDive */ = {
			isa = PBXGroup;
			children = (
				CCC114412CC669C40099D384 /* Components */,
				CCC114402CC669BC0099D384 /* Extensions */,
				CCC1143F2CC669B60099D384 /* Appearance */,
				CCC1143E2CC669B10099D384 /* View */,
				CCC1143D2CC669AD0099D384 /* Common */,
				CCC1143C2CC669A80099D384 /* Base */,
				CCC1140F2CC6679A0099D384 /* AppDelegate.swift */,
				CCC114112CC6679A0099D384 /* SceneDelegate.swift */,
				CCC1141A2CC6679B0099D384 /* LaunchScreen.storyboard */,
				CCC1141D2CC6679B0099D384 /* Info.plist */,
			);
			path = DunkDive;
			sourceTree = "<group>";
		};
		CCC114372CC669740099D384 /* Frameworks */ = {
			isa = PBXGroup;
			children = (
			);
			name = Frameworks;
			sourceTree = "<group>";
		};
		CCC1143C2CC669A80099D384 /* Base */ = {
			isa = PBXGroup;
			children = (
				CCC114422CC669DD0099D384 /* BaseRouter.swift */,
				CCC114462CC669E90099D384 /* BaseViewController.swift */,
				CCC114442CC669E30099D384 /* ReusableView.swift */,
				CCC114482CC669F00099D384 /* Setupable.swift */,
			);
			path = Base;
			sourceTree = "<group>";
		};
		CCC1143D2CC669AD0099D384 /* Common */ = {
			isa = PBXGroup;
			children = (
				CCC1144A2CC669F60099D384 /* Assembly */,
				CCC1144D2CC66A110099D384 /* ViewControllerFactory.swift */,
			);
			path = Common;
			sourceTree = "<group>";
		};
		CCC1143E2CC669B10099D384 /* View */ = {
			isa = PBXGroup;
			children = (
				CC72B2652CD250B400492AC9 /* Profile */,
				CC72B2622CD2509900492AC9 /* Status */,
				CC72B2612CD2509400492AC9 /* Home */,
				CCC114862CC6791D0099D384 /* Settings */,
				CCC114852CC679180099D384 /* Strategy */,
				CCC114842CC679130099D384 /* Bet */,
				CCC114832CC6790D0099D384 /* Team */,
				CCC114802CC678E60099D384 /* TabBar */,
				CCC1146F2CC675F10099D384 /* Onboarding */,
				CCC1144F2CC66A190099D384 /* UntilOnboarding */,
			);
			path = View;
			sourceTree = "<group>";
		};
		CCC1143F2CC669B60099D384 /* Appearance */ = {
			isa = PBXGroup;
			children = (
				CCC114182CC6679B0099D384 /* Assets.xcassets */,
				CCC114562CC66A3B0099D384 /* Fonts */,
			);
			path = Appearance;
			sourceTree = "<group>";
		};
		CCC114402CC669BC0099D384 /* Extensions */ = {
			isa = PBXGroup;
			children = (
				CCC114572CC66A4A0099D384 /* TableView.swift */,
				CCC114592CC66B260099D384 /* CollectionView.swift */,
				CCC1145B2CC66B2D0099D384 /* UIColor.swift */,
				CCC1145D2CC66B330099D384 /* UIDevice.swift */,
				CCC1145F2CC66B3C0099D384 /* UILabel.swift */,
				CCC114612CC66B430099D384 /* StackView.swift */,
				CCC114632CC66B490099D384 /* String.swift */,
			);
			path = Extensions;
			sourceTree = "<group>";
		};
		CCC114412CC669C40099D384 /* Components */ = {
			isa = PBXGroup;
			children = (
				CCC114AE2CC8D02D0099D384 /* AddPhoto */,
				CCC114AB2CC8CE9E0099D384 /* TextFields */,
				CCC114792CC6766B0099D384 /* PageControl */,
			);
			path = Components;
			sourceTree = "<group>";
		};
		CCC1144A2CC669F60099D384 /* Assembly */ = {
			isa = PBXGroup;
			children = (
				CCC1144B2CC66A080099D384 /* ServiceAssembly.swift */,
			);
			path = Assembly;
			sourceTree = "<group>";
		};
		CCC1144F2CC66A190099D384 /* UntilOnboarding */ = {
			isa = PBXGroup;
			children = (
				CCC114502CC66A240099D384 /* UntilOnboardingViewController.swift */,
				CCC114522CC66A2D0099D384 /* UntilOnboardingRouter.swift */,
				CCC114542CC66A350099D384 /* UntilOnboardingAssembly.swift */,
			);
			path = UntilOnboarding;
			sourceTree = "<group>";
		};
		CCC114562CC66A3B0099D384 /* Fonts */ = {
			isa = PBXGroup;
			children = (
				CCC114682CC66C980099D384 /* SF-Pro-Text-Black.otf */,
				CCC114652CC66C980099D384 /* SF-Pro-Text-Bold.otf */,
				CCC114692CC66C980099D384 /* SF-Pro-Text-Medium.otf */,
				CCC114672CC66C980099D384 /* SF-Pro-Text-Regular.otf */,
				CCC114662CC66C980099D384 /* SF-Pro-Text-Semibold.otf */,
			);
			path = Fonts;
			sourceTree = "<group>";
		};
		CCC1146F2CC675F10099D384 /* Onboarding */ = {
			isa = PBXGroup;
			children = (
				CCC114762CC676100099D384 /* Cell */,
				CCC114702CC675FD0099D384 /* OnboardingViewController.swift */,
				CCC114722CC676040099D384 /* OnboardingRouter.swift */,
				CCC114742CC6760B0099D384 /* OnboardingAssembly.swift */,
			);
			path = Onboarding;
			sourceTree = "<group>";
		};
		CCC114762CC676100099D384 /* Cell */ = {
			isa = PBXGroup;
			children = (
				CCC114772CC676170099D384 /* OnboardingCell.swift */,
			);
			path = Cell;
			sourceTree = "<group>";
		};
		CCC114792CC6766B0099D384 /* PageControl */ = {
			isa = PBXGroup;
			children = (
				CCC1147A2CC676790099D384 /* AdvancedPageControl.swift */,
				CCC1147C2CC676800099D384 /* ColorUtils.swift */,
				CCC1147E2CC676850099D384 /* Drawer.swift */,
			);
			path = PageControl;
			sourceTree = "<group>";
		};
		CCC114802CC678E60099D384 /* TabBar */ = {
			isa = PBXGroup;
			children = (
				CCC114812CC678F00099D384 /* TabBarViewController.swift */,
				CCC114A42CC8CAE10099D384 /* TabBarRouter.swift */,
			);
			path = TabBar;
			sourceTree = "<group>";
		};
		CCC114832CC6790D0099D384 /* Team */ = {
			isa = PBXGroup;
			children = (
				CCC114C32CC936D90099D384 /* EditTeam */,
				CCC114A62CC8CB480099D384 /* AddTeam */,
				CCC1149F2CC8C2980099D384 /* Cell */,
				CCC114872CC679270099D384 /* TeamViewController.swift */,
				CCC114892CC6792D0099D384 /* TeamRouter.swift */,
				CCC1148B2CC679340099D384 /* TeamAssembly.swift */,
			);
			path = Team;
			sourceTree = "<group>";
		};
		CCC114842CC679130099D384 /* Bet */ = {
			isa = PBXGroup;
			children = (
				CCC114C82CC93D930099D384 /* EditBet */,
				CCC114BB2CC91D6E0099D384 /* AddBet */,
				CCC114B82CC90C030099D384 /* Cell */,
				CCC1148D2CC6793B0099D384 /* BetViewController.swift */,
				CCC1148F2CC679410099D384 /* BetRouter.swift */,
				CCC114912CC679460099D384 /* BetAssembly.swift */,
			);
			path = Bet;
			sourceTree = "<group>";
		};
		CCC114852CC679180099D384 /* Strategy */ = {
			isa = PBXGroup;
			children = (
				CCC114D92CC94E6C0099D384 /* EditStrategy */,
				CCC114D22CC94A2F0099D384 /* AddStrategy */,
				CCC114CD2CC9468F0099D384 /* Cell */,
				CCC114932CC679510099D384 /* StrategyViewController.swift */,
				CCC114952CC6795B0099D384 /* StrategyRouter.swift */,
				CCC114972CC679620099D384 /* StrategyAssembly.swift */,
			);
			path = Strategy;
			sourceTree = "<group>";
		};
		CCC114862CC6791D0099D384 /* Settings */ = {
			isa = PBXGroup;
			children = (
				CCC114E22CC95AE80099D384 /* Usage */,
				CCC114992CC6796B0099D384 /* SettingsViewController.swift */,
				CCC1149B2CC679720099D384 /* SettingsRouter.swift */,
				CCC1149D2CC6797B0099D384 /* SettingsAssembly.swift */,
			);
			path = Settings;
			sourceTree = "<group>";
		};
		CCC1149F2CC8C2980099D384 /* Cell */ = {
			isa = PBXGroup;
			children = (
				CCC114A02CC8C2A70099D384 /* TeamEmptyTableViewCell.swift */,
				CCC114A22CC8C3A90099D384 /* TeamTableViewCell.swift */,
			);
			path = Cell;
			sourceTree = "<group>";
		};
		CCC114A62CC8CB480099D384 /* AddTeam */ = {
			isa = PBXGroup;
			children = (
				CCC114B12CC8D2620099D384 /* Cell */,
				CCC114A72CC8CB550099D384 /* AddTeamViewController.swift */,
				CCC114A92CC8CB610099D384 /* AddTeamAssembly.swift */,
			);
			path = AddTeam;
			sourceTree = "<group>";
		};
		CCC114AB2CC8CE9E0099D384 /* TextFields */ = {
			isa = PBXGroup;
			children = (
				CCC114AC2CC8CEAD0099D384 /* CustomTextField.swift */,
			);
			path = TextFields;
			sourceTree = "<group>";
		};
		CCC114AE2CC8D02D0099D384 /* AddPhoto */ = {
			isa = PBXGroup;
			children = (
				CCC114AF2CC8D0370099D384 /* AddTeamPhoto.swift */,
				CCC114D72CC94C5D0099D384 /* AddStrategyPhoto.swift */,
			);
			path = AddPhoto;
			sourceTree = "<group>";
		};
		CCC114B12CC8D2620099D384 /* Cell */ = {
			isa = PBXGroup;
			children = (
				CCC114B22CC8D2D60099D384 /* EmptyCollectionViewCell.swift */,
				CCC114B62CC8D54B0099D384 /* CollectionViewHeader.swift */,
				CCC114B42CC8D36D0099D384 /* PlayerCollectionViewCell.swift */,
			);
			path = Cell;
			sourceTree = "<group>";
		};
		CCC114B82CC90C030099D384 /* Cell */ = {
			isa = PBXGroup;
			children = (
				CCC114B92CC90E890099D384 /* BetTableViewCell.swift */,
			);
			path = Cell;
			sourceTree = "<group>";
		};
		CCC114BB2CC91D6E0099D384 /* AddBet */ = {
			isa = PBXGroup;
			children = (
				CCC114C22CC924600099D384 /* Cell */,
				CCC114BC2CC91D780099D384 /* AddBetViewController.swift */,
				CCC114BE2CC91D820099D384 /* AddBetAssembly.swift */,
			);
			path = AddBet;
			sourceTree = "<group>";
		};
		CCC114C22CC924600099D384 /* Cell */ = {
			isa = PBXGroup;
			children = (
				CCC114C02CC9245B0099D384 /* TeamCollectionViewCell.swift */,
				CCC114E02CC952B60099D384 /* EmptyBetCollectionViewCell.swift */,
			);
			path = Cell;
			sourceTree = "<group>";
		};
		CCC114C32CC936D90099D384 /* EditTeam */ = {
			isa = PBXGroup;
			children = (
				CCC114C42CC936E50099D384 /* EditTeamViewController.swift */,
				CCC114C62CC936EC0099D384 /* EditTeamAssembly.swift */,
			);
			path = EditTeam;
			sourceTree = "<group>";
		};
		CCC114C82CC93D930099D384 /* EditBet */ = {
			isa = PBXGroup;
			children = (
				CCC114C92CC93D9D0099D384 /* EditBetViewController.swift */,
				CCC114CB2CC93DA30099D384 /* EditBetAssembly.swift */,
			);
			path = EditBet;
			sourceTree = "<group>";
		};
		CCC114CD2CC9468F0099D384 /* Cell */ = {
			isa = PBXGroup;
			children = (
				CCC114CE2CC946A60099D384 /* EmptyStrategyCollectionViewCell.swift */,
				CCC114D02CC947140099D384 /* StrategyCollectionViewCell.swift */,
			);
			path = Cell;
			sourceTree = "<group>";
		};
		CCC114D22CC94A2F0099D384 /* AddStrategy */ = {
			isa = PBXGroup;
			children = (
				CCC114D32CC94A3B0099D384 /* AddStrategyViewController.swift */,
				CCC114D52CC94A420099D384 /* AddStrategyAssembly.swift */,
			);
			path = AddStrategy;
			sourceTree = "<group>";
		};
		CCC114D92CC94E6C0099D384 /* EditStrategy */ = {
			isa = PBXGroup;
			children = (
				CCC114DA2CC94E770099D384 /* EditStrategyViewController.swift */,
				CCC114DE2CC94EA60099D384 /* EditStrategyAssembly.swift */,
			);
			path = EditStrategy;
			sourceTree = "<group>";
		};
		CCC114E22CC95AE80099D384 /* Usage */ = {
			isa = PBXGroup;
			children = (
				CCC114E32CC95AF30099D384 /* UsageViewController.swift */,
			);
			path = Usage;
			sourceTree = "<group>";
		};
/* End PBXGroup section */

/* Begin PBXNativeTarget section */
		CCC1140B2CC6679A0099D384 /* DunkDive */ = {
			isa = PBXNativeTarget;
			buildConfigurationList = CCC114202CC6679B0099D384 /* Build configuration list for PBXNativeTarget "DunkDive" */;
			buildPhases = (
				CCC114082CC6679A0099D384 /* Sources */,
				CCC114092CC6679A0099D384 /* Frameworks */,
				CCC1140A2CC6679A0099D384 /* Resources */,
			);
			buildRules = (
			);
			dependencies = (
			);
			name = DunkDive;
			packageProductDependencies = (
				CCC114262CC668CB0099D384 /* SnapKit */,
				CCC1142B2CC668E10099D384 /* SQLite */,
				CCC1142E2CC668ED0099D384 /* Swinject */,
				CCC114332CC668FA0099D384 /* SwinjectAutoregistration */,
				CCC114382CC669740099D384 /* DunkDiveModel */,
				CCC1143A2CC669740099D384 /* DunkDiveViewModel */,
			);
			productName = DunkDive;
			productReference = CCC1140C2CC6679A0099D384 /* DunkDive.app */;
			productType = "com.apple.product-type.application";
		};
/* End PBXNativeTarget section */

/* Begin PBXProject section */
		CCC114042CC6679A0099D384 /* Project object */ = {
			isa = PBXProject;
			attributes = {
				BuildIndependentTargetsInParallel = 1;
				LastSwiftUpdateCheck = 1540;
				LastUpgradeCheck = 1540;
				TargetAttributes = {
					CCC1140B2CC6679A0099D384 = {
						CreatedOnToolsVersion = 15.4;
					};
				};
			};
			buildConfigurationList = CCC114072CC6679A0099D384 /* Build configuration list for PBXProject "DunkDive" */;
			compatibilityVersion = "Xcode 14.0";
			developmentRegion = en;
			hasScannedForEncodings = 0;
			knownRegions = (
				en,
				Base,
			);
			mainGroup = CCC114032CC6679A0099D384;
			packageReferences = (
				CCC114252CC668CB0099D384 /* XCRemoteSwiftPackageReference "SnapKit" */,
				CCC1142A2CC668E10099D384 /* XCRemoteSwiftPackageReference "SQLite.swift" */,
				CCC1142D2CC668EC0099D384 /* XCRemoteSwiftPackageReference "Swinject" */,
				CCC114322CC668FA0099D384 /* XCRemoteSwiftPackageReference "SwinjectAutoregistration" */,
			);
			productRefGroup = CCC1140D2CC6679A0099D384 /* Products */;
			projectDirPath = "";
			projectRoot = "";
			targets = (
				CCC1140B2CC6679A0099D384 /* DunkDive */,
			);
		};
/* End PBXProject section */

/* Begin PBXResourcesBuildPhase section */
		CCC1140A2CC6679A0099D384 /* Resources */ = {
			isa = PBXResourcesBuildPhase;
			buildActionMask = 2147483647;
			files = (
				CCC1146B2CC66C980099D384 /* SF-Pro-Text-Semibold.otf in Resources */,
				CCC1146D2CC66C980099D384 /* SF-Pro-Text-Black.otf in Resources */,
				CCC1146C2CC66C980099D384 /* SF-Pro-Text-Regular.otf in Resources */,
				CCC114192CC6679B0099D384 /* Assets.xcassets in Resources */,
				CCC1141C2CC6679B0099D384 /* Base in Resources */,
				CCC1146E2CC66C980099D384 /* SF-Pro-Text-Medium.otf in Resources */,
				CCC1146A2CC66C980099D384 /* SF-Pro-Text-Bold.otf in Resources */,
			);
			runOnlyForDeploymentPostprocessing = 0;
		};
/* End PBXResourcesBuildPhase section */

/* Begin PBXSourcesBuildPhase section */
		CCC114082CC6679A0099D384 /* Sources */ = {
			isa = PBXSourcesBuildPhase;
			buildActionMask = 2147483647;
			files = (
				CCC1149E2CC6797B0099D384 /* SettingsAssembly.swift in Sources */,
				CCC114B02CC8D0370099D384 /* AddTeamPhoto.swift in Sources */,
				CCC1147F2CC676850099D384 /* Drawer.swift in Sources */,
				CCC114CF2CC946A60099D384 /* EmptyStrategyCollectionViewCell.swift in Sources */,
				CC72B2722CD255C800492AC9 /* StatusAssembly.swift in Sources */,
				CCC114752CC6760B0099D384 /* OnboardingAssembly.swift in Sources */,
				CCC114532CC66A2D0099D384 /* UntilOnboardingRouter.swift in Sources */,
				CCC114A52CC8CAE10099D384 /* TabBarRouter.swift in Sources */,
				CCC114962CC6795B0099D384 /* StrategyRouter.swift in Sources */,
				CCC1145C2CC66B2D0099D384 /* UIColor.swift in Sources */,
				CCC1147D2CC676800099D384 /* ColorUtils.swift in Sources */,
				CCC114582CC66A4A0099D384 /* TableView.swift in Sources */,
				CCC114552CC66A350099D384 /* UntilOnboardingAssembly.swift in Sources */,
				CCC114922CC679460099D384 /* BetAssembly.swift in Sources */,
				CCC114BA2CC90E890099D384 /* BetTableViewCell.swift in Sources */,
				CC72B2702CD255B700492AC9 /* StatusViewController.swift in Sources */,
				CCC114DB2CC94E770099D384 /* EditStrategyViewController.swift in Sources */,
				CCC114882CC679270099D384 /* TeamViewController.swift in Sources */,
				CCC114C72CC936EC0099D384 /* EditTeamAssembly.swift in Sources */,
				CCC114AD2CC8CEAD0099D384 /* CustomTextField.swift in Sources */,
				CC72B26A2CD250D800492AC9 /* HomeAssembly.swift in Sources */,
				CCC114712CC675FD0099D384 /* OnboardingViewController.swift in Sources */,
				CCC114BF2CC91D820099D384 /* AddBetAssembly.swift in Sources */,
				CCC114942CC679510099D384 /* StrategyViewController.swift in Sources */,
				CCC114CA2CC93D9D0099D384 /* EditBetViewController.swift in Sources */,
				CCC114D42CC94A3B0099D384 /* AddStrategyViewController.swift in Sources */,
				CC72B2742CD255D600492AC9 /* StatusRouter.swift in Sources */,
				CCC114732CC676040099D384 /* OnboardingRouter.swift in Sources */,
				CC72B26C2CD250DF00492AC9 /* HomeRouter.swift in Sources */,
				CCC114E42CC95AF30099D384 /* UsageViewController.swift in Sources */,
				CCC114E12CC952B60099D384 /* EmptyBetCollectionViewCell.swift in Sources */,
				CC72B26E2CD250E500492AC9 /* HomeCell.swift in Sources */,
				CCC114472CC669E90099D384 /* BaseViewController.swift in Sources */,
				CCC114822CC678F00099D384 /* TabBarViewController.swift in Sources */,
				CCC1148C2CC679340099D384 /* TeamAssembly.swift in Sources */,
				CC72B2682CD250CA00492AC9 /* HomeViewController.swift in Sources */,
				CCC114B32CC8D2D60099D384 /* EmptyCollectionViewCell.swift in Sources */,
				CCC114CC2CC93DA30099D384 /* EditBetAssembly.swift in Sources */,
				CCC114A12CC8C2A70099D384 /* TeamEmptyTableViewCell.swift in Sources */,
				CCC114102CC6679A0099D384 /* AppDelegate.swift in Sources */,
				CCC114AA2CC8CB610099D384 /* AddTeamAssembly.swift in Sources */,
				CCC114602CC66B3C0099D384 /* UILabel.swift in Sources */,
				CCC114782CC676170099D384 /* OnboardingCell.swift in Sources */,
				CCC1145A2CC66B260099D384 /* CollectionView.swift in Sources */,
				CCC1147B2CC676790099D384 /* AdvancedPageControl.swift in Sources */,
				CCC114432CC669DD0099D384 /* BaseRouter.swift in Sources */,
				CCC114B52CC8D36D0099D384 /* PlayerCollectionViewCell.swift in Sources */,
				CCC1144C2CC66A080099D384 /* ServiceAssembly.swift in Sources */,
				CCC114122CC6679A0099D384 /* SceneDelegate.swift in Sources */,
				CCC1145E2CC66B330099D384 /* UIDevice.swift in Sources */,
				CCC114642CC66B490099D384 /* String.swift in Sources */,
				CCC1144E2CC66A110099D384 /* ViewControllerFactory.swift in Sources */,
				CCC114982CC679620099D384 /* StrategyAssembly.swift in Sources */,
				CCC1149C2CC679720099D384 /* SettingsRouter.swift in Sources */,
				CCC114D62CC94A430099D384 /* AddStrategyAssembly.swift in Sources */,
				CCC114BD2CC91D780099D384 /* AddBetViewController.swift in Sources */,
				CCC114D12CC947140099D384 /* StrategyCollectionViewCell.swift in Sources */,
				CCC114D82CC94C5D0099D384 /* AddStrategyPhoto.swift in Sources */,
				CCC114B72CC8D54B0099D384 /* CollectionViewHeader.swift in Sources */,
				CCC1148A2CC6792D0099D384 /* TeamRouter.swift in Sources */,
				CCC114C52CC936E50099D384 /* EditTeamViewController.swift in Sources */,
				CCC114DF2CC94EA60099D384 /* EditStrategyAssembly.swift in Sources */,
				CCC114902CC679410099D384 /* BetRouter.swift in Sources */,
				CCC114622CC66B430099D384 /* StackView.swift in Sources */,
				CC72B2762CD2592400492AC9 /* ProfileViewController.swift in Sources */,
				CCC1148E2CC6793B0099D384 /* BetViewController.swift in Sources */,
				CCC114C12CC9245B0099D384 /* TeamCollectionViewCell.swift in Sources */,
				CCC114452CC669E30099D384 /* ReusableView.swift in Sources */,
				CCC114A82CC8CB550099D384 /* AddTeamViewController.swift in Sources */,
				CCC114A32CC8C3A90099D384 /* TeamTableViewCell.swift in Sources */,
				CCC114512CC66A250099D384 /* UntilOnboardingViewController.swift in Sources */,
				CCC114492CC669F00099D384 /* Setupable.swift in Sources */,
				CCC1149A2CC6796B0099D384 /* SettingsViewController.swift in Sources */,
				CC72B2782CD2592B00492AC9 /* ProfileAssembly.swift in Sources */,
			);
			runOnlyForDeploymentPostprocessing = 0;
		};
/* End PBXSourcesBuildPhase section */

/* Begin PBXVariantGroup section */
		CCC1141A2CC6679B0099D384 /* LaunchScreen.storyboard */ = {
			isa = PBXVariantGroup;
			children = (
				CCC1141B2CC6679B0099D384 /* Base */,
			);
			name = LaunchScreen.storyboard;
			sourceTree = "<group>";
		};
/* End PBXVariantGroup section */

/* Begin XCBuildConfiguration section */
		CCC1141E2CC6679B0099D384 /* Debug */ = {
			isa = XCBuildConfiguration;
			buildSettings = {
				ALWAYS_SEARCH_USER_PATHS = NO;
				ASSETCATALOG_COMPILER_GENERATE_SWIFT_ASSET_SYMBOL_EXTENSIONS = YES;
				CLANG_ANALYZER_NONNULL = YES;
				CLANG_ANALYZER_NUMBER_OBJECT_CONVERSION = YES_AGGRESSIVE;
				CLANG_CXX_LANGUAGE_STANDARD = "gnu++20";
				CLANG_ENABLE_MODULES = YES;
				CLANG_ENABLE_OBJC_ARC = YES;
				CLANG_ENABLE_OBJC_WEAK = YES;
				CLANG_WARN_BLOCK_CAPTURE_AUTORELEASING = YES;
				CLANG_WARN_BOOL_CONVERSION = YES;
				CLANG_WARN_COMMA = YES;
				CLANG_WARN_CONSTANT_CONVERSION = YES;
				CLANG_WARN_DEPRECATED_OBJC_IMPLEMENTATIONS = YES;
				CLANG_WARN_DIRECT_OBJC_ISA_USAGE = YES_ERROR;
				CLANG_WARN_DOCUMENTATION_COMMENTS = YES;
				CLANG_WARN_EMPTY_BODY = YES;
				CLANG_WARN_ENUM_CONVERSION = YES;
				CLANG_WARN_INFINITE_RECURSION = YES;
				CLANG_WARN_INT_CONVERSION = YES;
				CLANG_WARN_NON_LITERAL_NULL_CONVERSION = YES;
				CLANG_WARN_OBJC_IMPLICIT_RETAIN_SELF = YES;
				CLANG_WARN_OBJC_LITERAL_CONVERSION = YES;
				CLANG_WARN_OBJC_ROOT_CLASS = YES_ERROR;
				CLANG_WARN_QUOTED_INCLUDE_IN_FRAMEWORK_HEADER = YES;
				CLANG_WARN_RANGE_LOOP_ANALYSIS = YES;
				CLANG_WARN_STRICT_PROTOTYPES = YES;
				CLANG_WARN_SUSPICIOUS_MOVE = YES;
				CLANG_WARN_UNGUARDED_AVAILABILITY = YES_AGGRESSIVE;
				CLANG_WARN_UNREACHABLE_CODE = YES;
				CLANG_WARN__DUPLICATE_METHOD_MATCH = YES;
				COPY_PHASE_STRIP = NO;
				DEBUG_INFORMATION_FORMAT = dwarf;
				ENABLE_STRICT_OBJC_MSGSEND = YES;
				ENABLE_TESTABILITY = YES;
				ENABLE_USER_SCRIPT_SANDBOXING = YES;
				GCC_C_LANGUAGE_STANDARD = gnu17;
				GCC_DYNAMIC_NO_PIC = NO;
				GCC_NO_COMMON_BLOCKS = YES;
				GCC_OPTIMIZATION_LEVEL = 0;
				GCC_PREPROCESSOR_DEFINITIONS = (
					"DEBUG=1",
					"$(inherited)",
				);
				GCC_WARN_64_TO_32_BIT_CONVERSION = YES;
				GCC_WARN_ABOUT_RETURN_TYPE = YES_ERROR;
				GCC_WARN_UNDECLARED_SELECTOR = YES;
				GCC_WARN_UNINITIALIZED_AUTOS = YES_AGGRESSIVE;
				GCC_WARN_UNUSED_FUNCTION = YES;
				GCC_WARN_UNUSED_VARIABLE = YES;
				IPHONEOS_DEPLOYMENT_TARGET = 14.0;
				LOCALIZATION_PREFERS_STRING_CATALOGS = YES;
				MTL_ENABLE_DEBUG_INFO = INCLUDE_SOURCE;
				MTL_FAST_MATH = YES;
				ONLY_ACTIVE_ARCH = YES;
				SDKROOT = iphoneos;
				SWIFT_ACTIVE_COMPILATION_CONDITIONS = "DEBUG $(inherited)";
				SWIFT_OPTIMIZATION_LEVEL = "-Onone";
			};
			name = Debug;
		};
		CCC1141F2CC6679B0099D384 /* Release */ = {
			isa = XCBuildConfiguration;
			buildSettings = {
				ALWAYS_SEARCH_USER_PATHS = NO;
				ASSETCATALOG_COMPILER_GENERATE_SWIFT_ASSET_SYMBOL_EXTENSIONS = YES;
				CLANG_ANALYZER_NONNULL = YES;
				CLANG_ANALYZER_NUMBER_OBJECT_CONVERSION = YES_AGGRESSIVE;
				CLANG_CXX_LANGUAGE_STANDARD = "gnu++20";
				CLANG_ENABLE_MODULES = YES;
				CLANG_ENABLE_OBJC_ARC = YES;
				CLANG_ENABLE_OBJC_WEAK = YES;
				CLANG_WARN_BLOCK_CAPTURE_AUTORELEASING = YES;
				CLANG_WARN_BOOL_CONVERSION = YES;
				CLANG_WARN_COMMA = YES;
				CLANG_WARN_CONSTANT_CONVERSION = YES;
				CLANG_WARN_DEPRECATED_OBJC_IMPLEMENTATIONS = YES;
				CLANG_WARN_DIRECT_OBJC_ISA_USAGE = YES_ERROR;
				CLANG_WARN_DOCUMENTATION_COMMENTS = YES;
				CLANG_WARN_EMPTY_BODY = YES;
				CLANG_WARN_ENUM_CONVERSION = YES;
				CLANG_WARN_INFINITE_RECURSION = YES;
				CLANG_WARN_INT_CONVERSION = YES;
				CLANG_WARN_NON_LITERAL_NULL_CONVERSION = YES;
				CLANG_WARN_OBJC_IMPLICIT_RETAIN_SELF = YES;
				CLANG_WARN_OBJC_LITERAL_CONVERSION = YES;
				CLANG_WARN_OBJC_ROOT_CLASS = YES_ERROR;
				CLANG_WARN_QUOTED_INCLUDE_IN_FRAMEWORK_HEADER = YES;
				CLANG_WARN_RANGE_LOOP_ANALYSIS = YES;
				CLANG_WARN_STRICT_PROTOTYPES = YES;
				CLANG_WARN_SUSPICIOUS_MOVE = YES;
				CLANG_WARN_UNGUARDED_AVAILABILITY = YES_AGGRESSIVE;
				CLANG_WARN_UNREACHABLE_CODE = YES;
				CLANG_WARN__DUPLICATE_METHOD_MATCH = YES;
				COPY_PHASE_STRIP = NO;
				DEBUG_INFORMATION_FORMAT = "dwarf-with-dsym";
				ENABLE_NS_ASSERTIONS = NO;
				ENABLE_STRICT_OBJC_MSGSEND = YES;
				ENABLE_USER_SCRIPT_SANDBOXING = YES;
				GCC_C_LANGUAGE_STANDARD = gnu17;
				GCC_NO_COMMON_BLOCKS = YES;
				GCC_WARN_64_TO_32_BIT_CONVERSION = YES;
				GCC_WARN_ABOUT_RETURN_TYPE = YES_ERROR;
				GCC_WARN_UNDECLARED_SELECTOR = YES;
				GCC_WARN_UNINITIALIZED_AUTOS = YES_AGGRESSIVE;
				GCC_WARN_UNUSED_FUNCTION = YES;
				GCC_WARN_UNUSED_VARIABLE = YES;
				IPHONEOS_DEPLOYMENT_TARGET = 14.0;
				LOCALIZATION_PREFERS_STRING_CATALOGS = YES;
				MTL_ENABLE_DEBUG_INFO = NO;
				MTL_FAST_MATH = YES;
				SDKROOT = iphoneos;
				SWIFT_COMPILATION_MODE = wholemodule;
				VALIDATE_PRODUCT = YES;
			};
			name = Release;
		};
		CCC114212CC6679B0099D384 /* Debug */ = {
			isa = XCBuildConfiguration;
			buildSettings = {
				ASSETCATALOG_COMPILER_APPICON_NAME = AppIcon;
				ASSETCATALOG_COMPILER_GLOBAL_ACCENT_COLOR_NAME = AccentColor;
				CODE_SIGN_STYLE = Automatic;
				CURRENT_PROJECT_VERSION = 1;
				DEVELOPMENT_TEAM = "";
				GENERATE_INFOPLIST_FILE = YES;
				INFOPLIST_FILE = DunkDive/Info.plist;
				INFOPLIST_KEY_CFBundleDisplayName = ":Pin-up:Dunk Dive";
				INFOPLIST_KEY_UIApplicationSupportsIndirectInputEvents = YES;
				INFOPLIST_KEY_UILaunchStoryboardName = LaunchScreen;
				INFOPLIST_KEY_UIRequiresFullScreen = YES;
				INFOPLIST_KEY_UISupportedInterfaceOrientations = UIInterfaceOrientationPortrait;
				IPHONEOS_DEPLOYMENT_TARGET = 14.0;
				LD_RUNPATH_SEARCH_PATHS = (
					"$(inherited)",
					"@executable_path/Frameworks",
				);
				MARKETING_VERSION = 1.3;
				PRODUCT_BUNDLE_IDENTIFIER = com.yav.d6nkd1ve;
				PRODUCT_NAME = "$(TARGET_NAME)";
				SUPPORTED_PLATFORMS = "iphoneos iphonesimulator";
				SUPPORTS_MACCATALYST = NO;
				SUPPORTS_MAC_DESIGNED_FOR_IPHONE_IPAD = NO;
				SUPPORTS_XR_DESIGNED_FOR_IPHONE_IPAD = NO;
				SWIFT_EMIT_LOC_STRINGS = YES;
				SWIFT_VERSION = 5.0;
				TARGETED_DEVICE_FAMILY = "1,2";
			};
			name = Debug;
		};
		CCC114222CC6679B0099D384 /* Release */ = {
			isa = XCBuildConfiguration;
			buildSettings = {
				ASSETCATALOG_COMPILER_APPICON_NAME = AppIcon;
				ASSETCATALOG_COMPILER_GLOBAL_ACCENT_COLOR_NAME = AccentColor;
				CODE_SIGN_STYLE = Automatic;
				CURRENT_PROJECT_VERSION = 1;
				DEVELOPMENT_TEAM = "";
				GENERATE_INFOPLIST_FILE = YES;
				INFOPLIST_FILE = DunkDive/Info.plist;
				INFOPLIST_KEY_CFBundleDisplayName = ":Pin-up:Dunk Dive";
				INFOPLIST_KEY_UIApplicationSupportsIndirectInputEvents = YES;
				INFOPLIST_KEY_UILaunchStoryboardName = LaunchScreen;
				INFOPLIST_KEY_UIRequiresFullScreen = YES;
				INFOPLIST_KEY_UISupportedInterfaceOrientations = UIInterfaceOrientationPortrait;
				IPHONEOS_DEPLOYMENT_TARGET = 14.0;
				LD_RUNPATH_SEARCH_PATHS = (
					"$(inherited)",
					"@executable_path/Frameworks",
				);
				MARKETING_VERSION = 1.3;
				PRODUCT_BUNDLE_IDENTIFIER = com.yav.d6nkd1ve;
				PRODUCT_NAME = "$(TARGET_NAME)";
				SUPPORTED_PLATFORMS = "iphoneos iphonesimulator";
				SUPPORTS_MACCATALYST = NO;
				SUPPORTS_MAC_DESIGNED_FOR_IPHONE_IPAD = NO;
				SUPPORTS_XR_DESIGNED_FOR_IPHONE_IPAD = NO;
				SWIFT_EMIT_LOC_STRINGS = YES;
				SWIFT_VERSION = 5.0;
				TARGETED_DEVICE_FAMILY = "1,2";
			};
			name = Release;
		};
/* End XCBuildConfiguration section */

/* Begin XCConfigurationList section */
		CCC114072CC6679A0099D384 /* Build configuration list for PBXProject "DunkDive" */ = {
			isa = XCConfigurationList;
			buildConfigurations = (
				CCC1141E2CC6679B0099D384 /* Debug */,
				CCC1141F2CC6679B0099D384 /* Release */,
			);
			defaultConfigurationIsVisible = 0;
			defaultConfigurationName = Release;
		};
		CCC114202CC6679B0099D384 /* Build configuration list for PBXNativeTarget "DunkDive" */ = {
			isa = XCConfigurationList;
			buildConfigurations = (
				CCC114212CC6679B0099D384 /* Debug */,
				CCC114222CC6679B0099D384 /* Release */,
			);
			defaultConfigurationIsVisible = 0;
			defaultConfigurationName = Release;
		};
/* End XCConfigurationList section */

/* Begin XCRemoteSwiftPackageReference section */
		CCC114252CC668CB0099D384 /* XCRemoteSwiftPackageReference "SnapKit" */ = {
			isa = XCRemoteSwiftPackageReference;
			repositoryURL = "https://github.com/SnapKit/SnapKit.git";
			requirement = {
				kind = upToNextMajorVersion;
				minimumVersion = 5.7.1;
			};
		};
		CCC1142A2CC668E10099D384 /* XCRemoteSwiftPackageReference "SQLite.swift" */ = {
			isa = XCRemoteSwiftPackageReference;
			repositoryURL = "https://github.com/stephencelis/SQLite.swift.git";
			requirement = {
				kind = upToNextMajorVersion;
				minimumVersion = 0.15.3;
			};
		};
		CCC1142D2CC668EC0099D384 /* XCRemoteSwiftPackageReference "Swinject" */ = {
			isa = XCRemoteSwiftPackageReference;
			repositoryURL = "https://github.com/Swinject/Swinject.git";
			requirement = {
				kind = upToNextMajorVersion;
				minimumVersion = 2.9.1;
			};
		};
		CCC114322CC668FA0099D384 /* XCRemoteSwiftPackageReference "SwinjectAutoregistration" */ = {
			isa = XCRemoteSwiftPackageReference;
			repositoryURL = "https://github.com/Swinject/SwinjectAutoregistration.git";
			requirement = {
				kind = upToNextMajorVersion;
				minimumVersion = 2.9.1;
			};
		};
/* End XCRemoteSwiftPackageReference section */

/* Begin XCSwiftPackageProductDependency section */
		CCC114262CC668CB0099D384 /* SnapKit */ = {
			isa = XCSwiftPackageProductDependency;
			package = CCC114252CC668CB0099D384 /* XCRemoteSwiftPackageReference "SnapKit" */;
			productName = SnapKit;
		};
		CCC1142B2CC668E10099D384 /* SQLite */ = {
			isa = XCSwiftPackageProductDependency;
			package = CCC1142A2CC668E10099D384 /* XCRemoteSwiftPackageReference "SQLite.swift" */;
			productName = SQLite;
		};
		CCC1142E2CC668ED0099D384 /* Swinject */ = {
			isa = XCSwiftPackageProductDependency;
			package = CCC1142D2CC668EC0099D384 /* XCRemoteSwiftPackageReference "Swinject" */;
			productName = Swinject;
		};
		CCC114332CC668FA0099D384 /* SwinjectAutoregistration */ = {
			isa = XCSwiftPackageProductDependency;
			package = CCC114322CC668FA0099D384 /* XCRemoteSwiftPackageReference "SwinjectAutoregistration" */;
			productName = SwinjectAutoregistration;
		};
		CCC114382CC669740099D384 /* DunkDiveModel */ = {
			isa = XCSwiftPackageProductDependency;
			productName = DunkDiveModel;
		};
		CCC1143A2CC669740099D384 /* DunkDiveViewModel */ = {
			isa = XCSwiftPackageProductDependency;
			productName = DunkDiveViewModel;
		};
/* End XCSwiftPackageProductDependency section */
	};
	rootObject = CCC114042CC6679A0099D384 /* Project object */;
}
